{
  "lockfile_version": "1",
  "packages": {
    "buf@1.72": {
      "last_modified": "2026-08-27T07:16:00Z",
      "resolved": "github:NixOS/nixpkgs/c27cdad491a991b11ed731760aa2ef8db0cb0410#buf",
      "source": "devbox-search",
      "version": "1.72.0",
      "systems": {
        "aarch64-darwin": {
          "outputs": [
            {
              "name": "out",
              "path": "/nix/store/3jdzgvppg8cvfpbnkv1fb1cjd3g2bjdv-buf-1.72.0",
              "default": true
            }
          ],
          "store_path": "/nix/store/3jdzgvppg8cvfpbnkv1fb1cjd3g2bjdv-buf-1.72.0"
        },
        "aarch64-linux": {
          "outputs": [
            {
              "name": "out",
              "path": "/nix/store/0qws96pl25wzjqx68w544s9lkvm7jwml-buf-1.72.0",
              "default": true
            }
          ],
          "store_path": "/nix/store/0qws96pl25wzjqx68w544s9lkvm7jwml-buf-1.72.0"
        },
        "x86_64-linux": {
          "outputs": [
            {
              "name": "out",
              "path": "/nix/store/ayci2h427579cj5ak1ibv54r3yvp1jmj-buf-1.72.0",
              "default": true
            }
          ],
          "store_path": "/nix/store/ayci2h427579cj5ak1ibv54r3yvp1jmj-buf-1.72.0"
        }
      }
    },
    "github:NixOS/nixpkgs/nixpkgs-unstable": {
      "last_modified": "2026-08-17T10:51:46Z",
      "resolved": "github:NixOS/nixpkgs/f4b6996c4e8b9ee06ce147ec344c885f51071b14?lastModified=1786963906&narHash=sha256-3tkeMWSvHPo3tYljfXbPC%2FTgknikU1GvdVr%2FDkdfvE0%3D"
    },
    "go@1.27": {
      "last_modified": "2026-08-27T07:16:00Z",
      "resolved": "github:NixOS/nixpkgs/c27cdad491a991b11ed731760aa2ef8db0cb0410#go_1_27",
      "source": "devbox-search",
      "version": "1.27.0",
      "systems": {
        "aarch64-darwin": {
          "outputs": [
            {
              "name": "out",
              "path": "/nix/store/lz3qw52rpazqga73xgsqlj4qz1lgs4hg-go-1.27.0",
              "default": true
            }
          ],
          "store_path": "/nix/store/lz3qw52rpazqga73xgsqlj4qz1lgs4hg-go-1.27.0"
        },
        "aarch64-linux": {
          "outputs": [
            {
              "name": "out",
              "path": "/nix/store/zqjvg5805xkf6zsd8nrdvgbv58yw2phr-go-1.27.0",
              "default": true
            }
          ],
          "store_path": "/nix/store/zqjvg5805xkf6zsd8nrdvgbv58yw2phr-go-1.27.0"
        },
        "x86_64-linux": {
          "outputs": [
            {
              "name": "out",
              "path": "/nix/store/fibbp1k5gcpaxcin4dzk70yd056rfjhg-go-1.27.0",
              "default": true
            }
          ],
          "store_path": "/nix/store/fibbp1k5gcpaxcin4dzk70yd056rfjhg-go-1.27.0"
        }
      }
    },
    "golangci-lint@2.13": {
      "last_modified": "2026-08-27T07:16:00Z",
      "resolved": "github:NixOS/nixpkgs/c27cdad491a991b11ed731760aa2ef8db0cb0410#golangci-lint",
      "source": "devbox-search",
      "version": "2.13.1",
      "systems": {
        "aarch64-darwin": {
          "outputs": [
            {
              "name": "out",
              "path": "/nix/store/vyl94dsc8a2vfpx0h9hs3ls3w9hfcyfa-golangci-lint-2.13.1",
              "default": true
            }
          ],
          "store_path": "/nix/store/vyl94dsc8a2vfpx0h9hs3ls3w9hfcyfa-golangci-lint-2.13.1"
        },
        "aarch64-linux": {
          "outputs": [
            {
              "name": "out",
              "path": "/nix/store/zg1nnbiiaiq65v0h4b22hqlqpqa8ja0j-golangci-lint-2.13.1",
              "default": true
            }
          ],
          "store_path": "/nix/store/zg1nnbiiaiq65v0h4b22hqlqpqa8ja0j-golangci-lint-2.13.1"
        },
        "x86_64-linux": {
          "outputs": [
            {
              "name": "out",
              "path": "/nix/store/sqm80s7p5kx9j4ia19rw3jy41ajx1v73-golangci-lint-2.13.1",
              "default": true
            }
          ],
          "store_path": "/nix/store/sqm80s7p5kx9j4ia19rw3jy41ajx1v73-golangci-lint-2.13.1"
        }
      }
    },
    "goose@3.27": {
      "last_modified": "2026-08-27T07:16:00Z",
      "resolved": "github:NixOS/nixpkgs/c27cdad491a991b11ed731760aa2ef8db0cb0410#goose",
      "source": "devbox-search",
      "version": "3.27.3",
      "systems": {
        "aarch64-darwin": {
          "outputs": [
            {
              "name": "out",
              "path": "/nix/store/g0gm0mh0hvffbry3snic19972v6ccy5v-goose-3.27.3",
              "default": true
            }
          ],
          "store_path": "/nix/store/g0gm0mh0hvffbry3snic19972v6ccy5v-goose-3.27.3"
        },
        "aarch64-linux": {
          "outputs": [
            {
              "name": "out",
              "path": "/nix/store/mg2a3wjqvcs1j6kckm7cwvpvymk4cxdi-goose-3.27.3",
              "default": true
            }
          ],
          "store_path": "/nix/store/mg2a3wjqvcs1j6kckm7cwvpvymk4cxdi-goose-3.27.3"
        },
        "x86_64-linux": {
          "outputs": [
            {
              "name": "out",
              "path": "/nix/store/vb22927g30lpvndcmdpdhshxhycddv9w-goose-3.27.3",
              "default": true
            }
          ],
          "store_path": "/nix/store/vb22927g30lpvndcmdpdhshxhycddv9w-goose-3.27.3"
        }
      }
    },
    "just@1.58": {
      "last_modified": "2026-08-27T07:16:00Z",
      "resolved": "github:NixOS/nixpkgs/c27cdad491a991b11ed731760aa2ef8db0cb0410#just",
      "source": "devbox-search",
      "version": "1.58.0",
      "systems": {
        "aarch64-darwin": {
          "outputs": [
            {
              "name": "out",
              "path": "/nix/store/ank1rvxdg1r21v885zm7k8q2sqx285x5-just-1.58.0",
              "default": true
            },
            {
              "name": "man",
              "path": "/nix/store/z01s84l6hcxqpww7fsy4kahfilrsxp9f-just-1.58.0-man",
              "default": true
            },
            {
              "name": "doc",
              "path": "/nix/store/vz523mpwxiavavi83l6fh1g8i83s5agd-just-1.58.0-doc"
            }
          ],
          "store_path": "/nix/store/ank1rvxdg1r21v885zm7k8q2sqx285x5-just-1.58.0"
        },
        "aarch64-linux": {
          "outputs": [
            {
              "name": "out",
              "path": "/nix/store/byn68yph58ab2fa3jbbp014nigxmqsap-just-1.58.0",
              "default": true
            },
            {
              "name": "man",
              "path": "/nix/store/34mnxpqp459m210akn6lp0ay2bxfnnlf-just-1.58.0-man",
              "default": true
            },
            {
              "name": "doc",
              "path": "/nix/store/a2jv2k0g7vjvwwgzbgrlrynpq5cpvqj3-just-1.58.0-doc"
            }
          ],
          "store_path": "/nix/store/byn68yph58ab2fa3jbbp014nigxmqsap-just-1.58.0"
        },
        "x86_64-linux": {
          "outputs": [
            {
              "name": "out",
              "path": "/nix/store/z4czsax3mdyxx77mwb0yjarnzb1rip00-just-1.58.0",
              "default": true
            },
            {
              "name": "man",
              "path": "/nix/store/glg48g04x9bdibq3ylr69jz130lwdhbr-just-1.58.0-man",
              "default": true
            },
            {
              "name": "doc",
              "path": "/nix/store/nfnqh8gnsy9lv1ppmc5vzpf4zvkxcwqc-just-1.58.0-doc"
            }
          ],
          "store_path": "/nix/store/z4czsax3mdyxx77mwb0yjarnzb1rip00-just-1.58.0"
        }
      }
    },
    "nodejs@24": {
      "last_modified": "2025-12-27T12:56:01Z",
      "plugin_version": "0.0.4",
      "resolved": "github:NixOS/nixpkgs/3edc4a30ed3903fdf6f90c837f961fa6b49582d1#nodejs_24",
      "source": "devbox-search",
      "version": "24.12.0",
      "systems": {
        "aarch64-darwin": {
          "outputs": [
            {
              "name": "out",
              "path": "/nix/store/b1h0af3yb3z9jz048phclcqw6ihiww67-nodejs-24.12.0",
              "default": true
            },
            {
              "name": "dev",
              "path": "/nix/store/ksn4nj0nbp0ikmh4scy9x4biqqdswwhy-nodejs-24.12.0-dev"
            },
            {
              "name": "libv8",
              "path": "/nix/store/3x72bm7l30ib7l7cximrp0sklcq8jqwy-nodejs-24.12.0-libv8"
            }
          ],
          "store_path": "/nix/store/b1h0af3yb3z9jz048phclcqw6ihiww67-nodejs-24.12.0"
        },
        "aarch64-linux": {
          "outputs": [
            {
              "name": "out",
              "path": "/nix/store/9jfsyhcr9c6rpm94lrkibv75jkggvwss-nodejs-24.12.0",
              "default": true
            },
            {
              "name": "dev",
              "path": "/nix/store/7izhv9x1yvsmyrhmmyps6bxjjclajm80-nodejs-24.12.0-dev"
            },
            {
              "name": "libv8",
              "path": "/nix/store/8hl74pnc1qyz68rg10ixw7fz32hcxqkk-nodejs-24.12.0-libv8"
            }
          ],
          "store_path": "/nix/store/9jfsyhcr9c6rpm94lrkibv75jkggvwss-nodejs-24.12.0"
        },
        "x86_64-darwin": {
          "outputs": [
            {
              "name": "out",
              "path": "/nix/store/cj1243xswxvnwgifyiyg8axhn0r2vl48-nodejs-24.12.0",
              "default": true
            },
            {
              "name": "dev",
              "path": "/nix/store/kzia3rkaf9vwpn3py23q9v49jpjm6zx7-nodejs-24.12.0-dev"
            },
            {
              "name": "libv8",
              "path": "/nix/store/xszji81xj7ghjhz7jk0jkhb84nfwyd8f-nodejs-24.12.0-libv8"
            }
          ],
          "store_path": "/nix/store/cj1243xswxvnwgifyiyg8axhn0r2vl48-nodejs-24.12.0"
        },
        "x86_64-linux": {
          "outputs": [
            {
              "name": "out",
              "path": "/nix/store/9z1v3wyrxp6fpyzw21lcakd5w7aknzyc-nodejs-24.12.0",
              "default": true
            },
            {
              "name": "libv8",
              "path": "/nix/store/5yvx909wlis13qd2y1ahwl7ij21ma69a-nodejs-24.12.0-libv8"
            },
            {
              "name": "dev",
              "path": "/nix/store/7ll99p08gmpg0n048669p80zjibl5akr-nodejs-24.12.0-dev"
            }
          ],
          "store_path": "/nix/store/9z1v3wyrxp6fpyzw21lcakd5w7aknzyc-nodejs-24.12.0"
        }
      }
    },
    "pnpm@10": {
      "last_modified": "2026-05-11T00:16:55Z",
      "resolved": "github:NixOS/nixpkgs/c6e5ca3c836a5f4dd9af9f2c1fc1c38f0fac988a#pnpm",
      "source": "devbox-search",
      "version": "10.33.4",
      "systems": {
        "aarch64-darwin": {
          "outputs": [
            {
              "name": "out",
              "path": "/nix/store/m1y1qai447mysk42lrs86iaf1l57p117-pnpm-10.33.4",
              "default": true
            }
          ],
          "store_path": "/nix/store/m1y1qai447mysk42lrs86iaf1l57p117-pnpm-10.33.4"
        },
        "aarch64-linux": {
          "outputs": [
            {
              "name": "out",
              "path": "/nix/store/khgb04xfwvdgqs1kap5gj7lk355vwmqx-pnpm-10.33.4",
              "default": true
            }
          ],
          "store_path": "/nix/store/khgb04xfwvdgqs1kap5gj7lk355vwmqx-pnpm-10.33.4"
        },
        "x86_64-darwin": {
          "outputs": [
            {
              "name": "out",
              "path": "/nix/store/ff6h062vrsa3p95jjmz61xcdsf8hvdqc-pnpm-10.33.4",
              "default": true
            }
          ],
          "store_path": "/nix/store/ff6h062vrsa3p95jjmz61xcdsf8hvdqc-pnpm-10.33.4"
        },
        "x86_64-linux": {
          "outputs": [
            {
              "name": "out",
              "path": "/nix/store/7whan4770j2xszy0ncpjkbbcjwxngr2i-pnpm-10.33.4",
              "default": true
            }
          ],
          "store_path": "/nix/store/7whan4770j2xszy0ncpjkbbcjwxngr2i-pnpm-10.33.4"
        }
      }
    },
    "uv@0.12": {
      "last_modified": "2026-08-27T07:16:00Z",
      "resolved": "github:NixOS/nixpkgs/c27cdad491a991b11ed731760aa2ef8db0cb0410#uv",
      "source": "devbox-search",
      "version": "0.12.5",
      "systems": {
        "aarch64-darwin": {
          "outputs": [
            {
              "name": "out",
              "path": "/nix/store/71zq15rr7i4avy58y89hfgf2lhp3b7la-uv-0.12.5",
              "default": true
            }
          ],
          "store_path": "/nix/store/71zq15rr7i4avy58y89hfgf2lhp3b7la-uv-0.12.5"
        },
        "aarch64-linux": {
          "outputs": [
            {
              "name": "out",
              "path": "/nix/store/s2pqw31dkyrcym72fcdn0h9myl0yy9ix-uv-0.12.5",
              "default": true
            }
          ],
          "store_path": "/nix/store/s2pqw31dkyrcym72fcdn0h9myl0yy9ix-uv-0.12.5"
        },
        "x86_64-linux": {
          "outputs": [
            {
              "name": "out",
              "path": "/nix/store/v6av5m4035ds4558ax9sh0ywwnkjnd7b-uv-0.12.5",
              "default": true
            }
          ],
          "store_path": "/nix/store/v6av5m4035ds4558ax9sh0ywwnkjnd7b-uv-0.12.5"
        }
      }
    }
  }
}
